
Microsoft Visual Studio Solution File, Format Version 12.00
# Visual Studio Version 17
VisualStudioVersion = 17.13.35825.156 d17.13
MinimumVisualStudioVersion = 10.0.40219.1
Project("{FAE04EC0-301F-11D3-BF4B-00C04F79EFBC}") = "Rapid_Api_Currency", "Rapid_Api_Currency.csproj", "{6974FCC1-3E35-4366-9679-78B5749B70A2}"
EndProject
Global
	GlobalSection(SolutionConfigurationPlatforms) = preSolution
		Debug|Any CPU = Debug|Any CPU
		Release|Any CPU = Release|Any CPU
	EndGlobalSection
	GlobalSection(ProjectConfigurationPlatforms) = postSolution
		{6974FCC1-3E35-4366-9679-78B5749B70A2}.Debug|Any CPU.ActiveCfg = Debug|Any CPU
		{6974FCC1-3E35-4366-9679-78B5749B70A2}.Debug|Any CPU.Build.0 = Debug|Any CPU
		{6974FCC1-3E35-4366-9679-78B5749B70A2}.Release|Any CPU.ActiveCfg = Release|Any CPU
		{6974FCC1-3E35-4366-9679-78B5749B70A2}.Release|Any CPU.Build.0 = Release|Any CPU
	EndGlobalSection
	GlobalSection(SolutionProperties) = preSolution
		HideSolutionNode = FALSE
	EndGlobalSection
	GlobalSection(ExtensibilityGlobals) = postSolution
		SolutionGuid = {3CDE9B06-742F-43FF-828E-831D0D940594}
	EndGlobalSection
EndGlobal
